// !$*UTF8*$!
{
	archiveVersion = 1;
	classes = {
	};
	objectVersion = 56;
	objects = {

/* Begin PBXBuildFile section */
		14816B3229963C48002C4696 /* AppDelegate.m in Sources */ = {isa = PBXBuildFile; fileRef = 14816B3129963C48002C4696 /* AppDelegate.m */; };
		14816B3529963C48002C4696 /* SceneDelegate.m in Sources */ = {isa = PBXBuildFile; fileRef = 14816B3429963C48002C4696 /* SceneDelegate.m */; };
		14816B3829963C48002C4696 /* ViewController.m in Sources */ = {isa = PBXBuildFile; fileRef = 14816B3729963C48002C4696 /* ViewController.m */; };
		14816B3D29963C4A002C4696 /* Assets.xcassets in Resources */ = {isa = PBXBuildFile; fileRef = 14816B3C29963C4A002C4696 /* Assets.xcassets */; };
		14816B4029963C4A002C4696 /* LaunchScreen.storyboard in Resources */ = {isa = PBXBuildFile; fileRef = 14816B3E29963C4A002C4696 /* LaunchScreen.storyboard */; };
		14816B4329963C4A002C4696 /* main.m in Sources */ = {isa = PBXBuildFile; fileRef = 14816B4229963C4A002C4696 /* main.m */; };
		14816B4B299B5FAF002C4696 /* MyNavigationController.m in Sources */ = {isa = PBXBuildFile; fileRef = 14816B4A299B5FAF002C4696 /* MyNavigationController.m */; };
		14816B4E299B68F6002C4696 /* SecondViewController.m in Sources */ = {isa = PBXBuildFile; fileRef = 14816B4D299B68F6002C4696 /* SecondViewController.m */; };
		14816B51299B6902002C4696 /* ThirdViewController.m in Sources */ = {isa = PBXBuildFile; fileRef = 14816B50299B6902002C4696 /* ThirdViewController.m */; };
		14816B54299B7AB6002C4696 /* FourthViewController.m in Sources */ = {isa = PBXBuildFile; fileRef = 14816B53299B7AB6002C4696 /* FourthViewController.m */; };
/* End PBXBuildFile section */

/* Begin PBXFileReference section */
		14816B2D29963C48002C4696 /* testCannotAddSubview.app */ = {isa = PBXFileReference; explicitFileType = wrapper.application; includeInIndex = 0; path = testCannotAddSubview.app; sourceTree = BUILT_PRODUCTS_DIR; };
		14816B3029963C48002C4696 /* AppDelegate.h */ = {isa = PBXFileReference; lastKnownFileType = sourcecode.c.h; path = AppDelegate.h; sourceTree = "<group>"; };
		14816B3129963C48002C4696 /* AppDelegate.m */ = {isa = PBXFileReference; lastKnownFileType = sourcecode.c.objc; path = AppDelegate.m; sourceTree = "<group>"; };
		14816B3329963C48002C4696 /* SceneDelegate.h */ = {isa = PBXFileReference; lastKnownFileType = sourcecode.c.h; path = SceneDelegate.h; sourceTree = "<group>"; };
		14816B3429963C48002C4696 /* SceneDelegate.m */ = {isa = PBXFileReference; lastKnownFileType = sourcecode.c.objc; path = SceneDelegate.m; sourceTree = "<group>"; };
		14816B3629963C48002C4696 /* ViewController.h */ = {isa = PBXFileReference; lastKnownFileType = sourcecode.c.h; path = ViewController.h; sourceTree = "<group>"; };
		14816B3729963C48002C4696 /* ViewController.m */ = {isa = PBXFileReference; lastKnownFileType = sourcecode.c.objc; path = ViewController.m; sourceTree = "<group>"; };
		14816B3C29963C4A002C4696 /* Assets.xcassets */ = {isa = PBXFileReference; lastKnownFileType = folder.assetcatalog; path = Assets.xcassets; sourceTree = "<group>"; };
		14816B3F29963C4A002C4696 /* Base */ = {isa = PBXFileReference; lastKnownFileType = file.storyboard; name = Base; path = Base.lproj/LaunchScreen.storyboard; sourceTree = "<group>"; };
		14816B4129963C4A002C4696 /* Info.plist */ = {isa = PBXFileReference; lastKnownFileType = text.plist.xml; path = Info.plist; sourceTree = "<group>"; };
		14816B4229963C4A002C4696 /* main.m */ = {isa = PBXFileReference; lastKnownFileType = sourcecode.c.objc; path = main.m; sourceTree = "<group>"; };
		14816B49299B5FAF002C4696 /* MyNavigationController.h */ = {isa = PBXFileReference; lastKnownFileType = sourcecode.c.h; path = MyNavigationController.h; sourceTree = "<group>"; };
		14816B4A299B5FAF002C4696 /* MyNavigationController.m */ = {isa = PBXFileReference; lastKnownFileType = sourcecode.c.objc; path = MyNavigationController.m; sourceTree = "<group>"; };
		14816B4C299B68F6002C4696 /* SecondViewController.h */ = {isa = PBXFileReference; lastKnownFileType = sourcecode.c.h; path = SecondViewController.h; sourceTree = "<group>"; };
		14816B4D299B68F6002C4696 /* SecondViewController.m */ = {isa = PBXFileReference; lastKnownFileType = sourcecode.c.objc; path = SecondViewController.m; sourceTree = "<group>"; };
		14816B4F299B6902002C4696 /* ThirdViewController.h */ = {isa = PBXFileReference; lastKnownFileType = sourcecode.c.h; path = ThirdViewController.h; sourceTree = "<group>"; };
		14816B50299B6902002C4696 /* ThirdViewController.m */ = {isa = PBXFileReference; lastKnownFileType = sourcecode.c.objc; path = ThirdViewController.m; sourceTree = "<group>"; };
		14816B52299B7AB6002C4696 /* FourthViewController.h */ = {isa = PBXFileReference; lastKnownFileType = sourcecode.c.h; path = FourthViewController.h; sourceTree = "<group>"; };
		14816B53299B7AB6002C4696 /* FourthViewController.m */ = {isa = PBXFileReference; lastKnownFileType = sourcecode.c.objc; path = FourthViewController.m; sourceTree = "<group>"; };
/* End PBXFileReference section */

/* Begin PBXFrameworksBuildPhase section */
		14816B2A29963C48002C4696 /* Frameworks */ = {
			isa = PBXFrameworksBuildPhase;
			buildActionMask = 2147483647;
			files = (
			);
			runOnlyForDeploymentPostprocessing = 0;
		};
/* End PBXFrameworksBuildPhase section */

/* Begin PBXGroup section */
		14816B2429963C48002C4696 = {
			isa = PBXGroup;
			children = (
				14816B2F29963C48002C4696 /* testCannotAddSubview */,
				14816B2E29963C48002C4696 /* Products */,
			);
			sourceTree = "<group>";
		};
		14816B2E29963C48002C4696 /* Products */ = {
			isa = PBXGroup;
			children = (
				14816B2D29963C48002C4696 /* testCannotAddSubview.app */,
			);
			name = Products;
			sourceTree = "<group>";
		};
		14816B2F29963C48002C4696 /* testCannotAddSubview */ = {
			isa = PBXGroup;
			children = (
				14816B3029963C48002C4696 /* AppDelegate.h */,
				14816B3129963C48002C4696 /* AppDelegate.m */,
				14816B3329963C48002C4696 /* SceneDelegate.h */,
				14816B3429963C48002C4696 /* SceneDelegate.m */,
				14816B49299B5FAF002C4696 /* MyNavigationController.h */,
				14816B4A299B5FAF002C4696 /* MyNavigationController.m */,
				14816B3629963C48002C4696 /* ViewController.h */,
				14816B3729963C48002C4696 /* ViewController.m */,
				14816B3C29963C4A002C4696 /* Assets.xcassets */,
				14816B3E29963C4A002C4696 /* LaunchScreen.storyboard */,
				14816B4129963C4A002C4696 /* Info.plist */,
				14816B4229963C4A002C4696 /* main.m */,
				14816B4C299B68F6002C4696 /* SecondViewController.h */,
				14816B4D299B68F6002C4696 /* SecondViewController.m */,
				14816B4F299B6902002C4696 /* ThirdViewController.h */,
				14816B50299B6902002C4696 /* ThirdViewController.m */,
				14816B52299B7AB6002C4696 /* FourthViewController.h */,
				14816B53299B7AB6002C4696 /* FourthViewController.m */,
			);
			path = testCannotAddSubview;
			sourceTree = "<group>";
		};
/* End PBXGroup section */

/* Begin PBXNativeTarget section */
		14816B2C29963C48002C4696 /* testCannotAddSubview */ = {
			isa = PBXNativeTarget;
			buildConfigurationList = 14816B4629963C4A002C4696 /* Build configuration list for PBXNativeTarget "testCannotAddSubview" */;
			buildPhases = (
				14816B2929963C48002C4696 /* Sources */,
				14816B2A29963C48002C4696 /* Frameworks */,
				14816B2B29963C48002C4696 /* Resources */,
			);
			buildRules = (
			);
			dependencies = (
			);
			name = testCannotAddSubview;
			productName = testCannotAddSubview;
			productReference = 14816B2D29963C48002C4696 /* testCannotAddSubview.app */;
			productType = "com.apple.product-type.application";
		};
/* End PBXNativeTarget section */

/* Begin PBXProject section */
		14816B2529963C48002C4696 /* Project object */ = {
			isa = PBXProject;
			attributes = {
				BuildIndependentTargetsInParallel = 1;
				LastUpgradeCheck = 1420;
				TargetAttributes = {
					14816B2C29963C48002C4696 = {
						CreatedOnToolsVersion = 14.2;
					};
				};
			};
			buildConfigurationList = 14816B2829963C48002C4696 /* Build configuration list for PBXProject "testCannotAddSubview" */;
			compatibilityVersion = "Xcode 14.0";
			developmentRegion = en;
			hasScannedForEncodings = 0;
			knownRegions = (
				en,
				Base,
			);
			mainGroup = 14816B2429963C48002C4696;
			productRefGroup = 14816B2E29963C48002C4696 /* Products */;
			projectDirPath = "";
			projectRoot = "";
			targets = (
				14816B2C29963C48002C4696 /* testCannotAddSubview */,
			);
		};
/* End PBXProject section */

/* Begin PBXResourcesBuildPhase section */
		14816B2B29963C48002C4696 /* Resources */ = {
			isa = PBXResourcesBuildPhase;
			buildActionMask = 2147483647;
			files = (
				14816B4029963C4A002C4696 /* LaunchScreen.storyboard in Resources */,
				14816B3D29963C4A002C4696 /* Assets.xcassets in Resources */,
			);
			runOnlyForDeploymentPostprocessing = 0;
		};
/* End PBXResourcesBuildPhase section */

/* Begin PBXSourcesBuildPhase section */
		14816B2929963C48002C4696 /* Sources */ = {
			isa = PBXSourcesBuildPhase;
			buildActionMask = 2147483647;
			files = (
				14816B54299B7AB6002C4696 /* FourthViewController.m in Sources */,
				14816B4E299B68F6002C4696 /* SecondViewController.m in Sources */,
				14816B3829963C48002C4696 /* ViewController.m in Sources */,
				14816B3229963C48002C4696 /* AppDelegate.m in Sources */,
				14816B4329963C4A002C4696 /* main.m in Sources */,
				14816B3529963C48002C4696 /* SceneDelegate.m in Sources */,
				14816B4B299B5FAF002C4696 /* MyNavigationController.m in Sources */,
				14816B51299B6902002C4696 /* ThirdViewController.m in Sources */,
			);
			runOnlyForDeploymentPostprocessing = 0;
		};
/* End PBXSourcesBuildPhase section */

/* Begin PBXVariantGroup section */
		14816B3E29963C4A002C4696 /* LaunchScreen.storyboard */ = {
			isa = PBXVariantGroup;
			children = (
				14816B3F29963C4A002C4696 /* Base */,
			);
			name = LaunchScreen.storyboard;
			sourceTree = "<group>";
		};
/* End PBXVariantGroup section */

/* Begin XCBuildConfiguration section */
		14816B4429963C4A002C4696 /* Debug */ = {
			isa = XCBuildConfiguration;
			buildSettings = {
				ALWAYS_SEARCH_USER_PATHS = NO;
				CLANG_ANALYZER_NONNULL = YES;
				CLANG_ANALYZER_NUMBER_OBJECT_CONVERSION = YES_AGGRESSIVE;
				CLANG_CXX_LANGUAGE_STANDARD = "gnu++20";
				CLANG_ENABLE_MODULES = YES;
				CLANG_ENABLE_OBJC_ARC = YES;
				CLANG_ENABLE_OBJC_WEAK = YES;
				CLANG_WARN_BLOCK_CAPTURE_AUTORELEASING = YES;
				CLANG_WARN_BOOL_CONVERSION = YES;
				CLANG_WARN_COMMA = YES;
				CLANG_WARN_CONSTANT_CONVERSION = YES;
				CLANG_WARN_DEPRECATED_OBJC_IMPLEMENTATIONS = YES;
				CLANG_WARN_DIRECT_OBJC_ISA_USAGE = YES_ERROR;
				CLANG_WARN_DOCUMENTATION_COMMENTS = YES;
				CLANG_WARN_EMPTY_BODY = YES;
				CLANG_WARN_ENUM_CONVERSION = YES;
				CLANG_WARN_INFINITE_RECURSION = YES;
				CLANG_WARN_INT_CONVERSION = YES;
				CLANG_WARN_NON_LITERAL_NULL_CONVERSION = YES;
				CLANG_WARN_OBJC_IMPLICIT_RETAIN_SELF = YES;
				CLANG_WARN_OBJC_LITERAL_CONVERSION = YES;
				CLANG_WARN_OBJC_ROOT_CLASS = YES_ERROR;
				CLANG_WARN_QUOTED_INCLUDE_IN_FRAMEWORK_HEADER = YES;
				CLANG_WARN_RANGE_LOOP_ANALYSIS = YES;
				CLANG_WARN_STRICT_PROTOTYPES = YES;
				CLANG_WARN_SUSPICIOUS_MOVE = YES;
				CLANG_WARN_UNGUARDED_AVAILABILITY = YES_AGGRESSIVE;
				CLANG_WARN_UNREACHABLE_CODE = YES;
				CLANG_WARN__DUPLICATE_METHOD_MATCH = YES;
				COPY_PHASE_STRIP = NO;
				DEBUG_INFORMATION_FORMAT = dwarf;
				ENABLE_STRICT_OBJC_MSGSEND = YES;
				ENABLE_TESTABILITY = YES;
				GCC_C_LANGUAGE_STANDARD = gnu11;
				GCC_DYNAMIC_NO_PIC = NO;
				GCC_NO_COMMON_BLOCKS = YES;
				GCC_OPTIMIZATION_LEVEL = 0;
				GCC_PREPROCESSOR_DEFINITIONS = (
					"DEBUG=1",
					"$(inherited)",
				);
				GCC_WARN_64_TO_32_BIT_CONVERSION = YES;
				GCC_WARN_ABOUT_RETURN_TYPE = YES_ERROR;
				GCC_WARN_UNDECLARED_SELECTOR = YES;
				GCC_WARN_UNINITIALIZED_AUTOS = YES_AGGRESSIVE;
				GCC_WARN_UNUSED_FUNCTION = YES;
				GCC_WARN_UNUSED_VARIABLE = YES;
				IPHONEOS_DEPLOYMENT_TARGET = 16.2;
				MTL_ENABLE_DEBUG_INFO = INCLUDE_SOURCE;
				MTL_FAST_MATH = YES;
				ONLY_ACTIVE_ARCH = YES;
				SDKROOT = iphoneos;
			};
			name = Debug;
		};
		14816B4529963C4A002C4696 /* Release */ = {
			isa = XCBuildConfiguration;
			buildSettings = {
				ALWAYS_SEARCH_USER_PATHS = NO;
				CLANG_ANALYZER_NONNULL = YES;
				CLANG_ANALYZER_NUMBER_OBJECT_CONVERSION = YES_AGGRESSIVE;
				CLANG_CXX_LANGUAGE_STANDARD = "gnu++20";
				CLANG_ENABLE_MODULES = YES;
				CLANG_ENABLE_OBJC_ARC = YES;
				CLANG_ENABLE_OBJC_WEAK = YES;
				CLANG_WARN_BLOCK_CAPTURE_AUTORELEASING = YES;
				CLANG_WARN_BOOL_CONVERSION = YES;
				CLANG_WARN_COMMA = YES;
				CLANG_WARN_CONSTANT_CONVERSION = YES;
				CLANG_WARN_DEPRECATED_OBJC_IMPLEMENTATIONS = YES;
				CLANG_WARN_DIRECT_OBJC_ISA_USAGE = YES_ERROR;
				CLANG_WARN_DOCUMENTATION_COMMENTS = YES;
				CLANG_WARN_EMPTY_BODY = YES;
				CLANG_WARN_ENUM_CONVERSION = YES;
				CLANG_WARN_INFINITE_RECURSION = YES;
				CLANG_WARN_INT_CONVERSION = YES;
				CLANG_WARN_NON_LITERAL_NULL_CONVERSION = YES;
				CLANG_WARN_OBJC_IMPLICIT_RETAIN_SELF = YES;
				CLANG_WARN_OBJC_LITERAL_CONVERSION = YES;
				CLANG_WARN_OBJC_ROOT_CLASS = YES_ERROR;
				CLANG_WARN_QUOTED_INCLUDE_IN_FRAMEWORK_HEADER = YES;
				CLANG_WARN_RANGE_LOOP_ANALYSIS = YES;
				CLANG_WARN_STRICT_PROTOTYPES = YES;
				CLANG_WARN_SUSPICIOUS_MOVE = YES;
				CLANG_WARN_UNGUARDED_AVAILABILITY = YES_AGGRESSIVE;
				CLANG_WARN_UNREACHABLE_CODE = YES;
				CLANG_WARN__DUPLICATE_METHOD_MATCH = YES;
				COPY_PHASE_STRIP = NO;
				DEBUG_INFORMATION_FORMAT = "dwarf-with-dsym";
				ENABLE_NS_ASSERTIONS = NO;
				ENABLE_STRICT_OBJC_MSGSEND = YES;
				GCC_C_LANGUAGE_STANDARD = gnu11;
				GCC_NO_COMMON_BLOCKS = YES;
				GCC_WARN_64_TO_32_BIT_CONVERSION = YES;
				GCC_WARN_ABOUT_RETURN_TYPE = YES_ERROR;
				GCC_WARN_UNDECLARED_SELECTOR = YES;
				GCC_WARN_UNINITIALIZED_AUTOS = YES_AGGRESSIVE;
				GCC_WARN_UNUSED_FUNCTION = YES;
				GCC_WARN_UNUSED_VARIABLE = YES;
				IPHONEOS_DEPLOYMENT_TARGET = 16.2;
				MTL_ENABLE_DEBUG_INFO = NO;
				MTL_FAST_MATH = YES;
				SDKROOT = iphoneos;
				VALIDATE_PRODUCT = YES;
			};
			name = Release;
		};
		14816B4729963C4A002C4696 /* Debug */ = {
			isa = XCBuildConfiguration;
			buildSettings = {
				ASSETCATALOG_COMPILER_APPICON_NAME = AppIcon;
				ASSETCATALOG_COMPILER_GLOBAL_ACCENT_COLOR_NAME = AccentColor;
				CODE_SIGN_IDENTITY = "Apple Development";
				CODE_SIGN_STYLE = Automatic;
				CURRENT_PROJECT_VERSION = 1;
				DEVELOPMENT_TEAM = 9VEYZYWMZC;
				GENERATE_INFOPLIST_FILE = YES;
				INFOPLIST_FILE = testCannotAddSubview/Info.plist;
				INFOPLIST_KEY_UIApplicationSupportsIndirectInputEvents = YES;
				INFOPLIST_KEY_UILaunchStoryboardName = LaunchScreen;
				INFOPLIST_KEY_UISupportedInterfaceOrientations_iPad = "UIInterfaceOrientationPortrait UIInterfaceOrientationPortraitUpsideDown UIInterfaceOrientationLandscapeLeft UIInterfaceOrientationLandscapeRight";
				INFOPLIST_KEY_UISupportedInterfaceOrientations_iPhone = "UIInterfaceOrientationPortrait UIInterfaceOrientationLandscapeLeft UIInterfaceOrientationLandscapeRight";
				IPHONEOS_DEPLOYMENT_TARGET = 14.0;
				LD_RUNPATH_SEARCH_PATHS = (
					"$(inherited)",
					"@executable_path/Frameworks",
				);
				MARKETING_VERSION = 1.0;
				PRODUCT_BUNDLE_IDENTIFIER = hong.li.testCannotAddSubview;
				PRODUCT_NAME = "$(TARGET_NAME)";
				PROVISIONING_PROFILE_SPECIFIER = "";
				SWIFT_EMIT_LOC_STRINGS = YES;
				TARGETED_DEVICE_FAMILY = "1,2";
			};
			name = Debug;
		};
		14816B4829963C4A002C4696 /* Release */ = {
			isa = XCBuildConfiguration;
			buildSettings = {
				ASSETCATALOG_COMPILER_APPICON_NAME = AppIcon;
				ASSETCATALOG_COMPILER_GLOBAL_ACCENT_COLOR_NAME = AccentColor;
				CODE_SIGN_IDENTITY = "Apple Development";
				CODE_SIGN_STYLE = Automatic;
				CURRENT_PROJECT_VERSION = 1;
				DEVELOPMENT_TEAM = 9VEYZYWMZC;
				GENERATE_INFOPLIST_FILE = YES;
				INFOPLIST_FILE = testCannotAddSubview/Info.plist;
				INFOPLIST_KEY_UIApplicationSupportsIndirectInputEvents = YES;
				INFOPLIST_KEY_UILaunchStoryboardName = LaunchScreen;
				INFOPLIST_KEY_UISupportedInterfaceOrientations_iPad = "UIInterfaceOrientationPortrait UIInterfaceOrientationPortraitUpsideDown UIInterfaceOrientationLandscapeLeft UIInterfaceOrientationLandscapeRight";
				INFOPLIST_KEY_UISupportedInterfaceOrientations_iPhone = "UIInterfaceOrientationPortrait UIInterfaceOrientationLandscapeLeft UIInterfaceOrientationLandscapeRight";
				IPHONEOS_DEPLOYMENT_TARGET = 14.0;
				LD_RUNPATH_SEARCH_PATHS = (
					"$(inherited)",
					"@executable_path/Frameworks",
				);
				MARKETING_VERSION = 1.0;
				PRODUCT_BUNDLE_IDENTIFIER = hong.li.testCannotAddSubview;
				PRODUCT_NAME = "$(TARGET_NAME)";
				PROVISIONING_PROFILE_SPECIFIER = "";
				SWIFT_EMIT_LOC_STRINGS = YES;
				TARGETED_DEVICE_FAMILY = "1,2";
			};
			name = Release;
		};
/* End XCBuildConfiguration section */

/* Begin XCConfigurationList section */
		14816B2829963C48002C4696 /* Build configuration list for PBXProject "testCannotAddSubview" */ = {
			isa = XCConfigurationList;
			buildConfigurations = (
				14816B4429963C4A002C4696 /* Debug */,
				14816B4529963C4A002C4696 /* Release */,
			);
			defaultConfigurationIsVisible = 0;
			defaultConfigurationName = Release;
		};
		14816B4629963C4A002C4696 /* Build configuration list for PBXNativeTarget "testCannotAddSubview" */ = {
			isa = XCConfigurationList;
			buildConfigurations = (
				14816B4729963C4A002C4696 /* Debug */,
				14816B4829963C4A002C4696 /* Release */,
			);
			defaultConfigurationIsVisible = 0;
			defaultConfigurationName = Release;
		};
/* End XCConfigurationList section */
	};
	rootObject = 14816B2529963C48002C4696 /* Project object */;
}
